
Microsoft Visual Studio Solution File, Format Version 12.00
# Visual Studio Version 17
VisualStudioVersion = 17.8.34309.116
MinimumVisualStudioVersion = 10.0.40219.1
Project("{9A19103F-16F7-4668-BE54-9A1E7A4F7556}") = "AoC2023", "AoC2023\AoC2023.csproj", "{CD7F8150-B35B-463C-B90C-13F4E43F7F25}"
EndProject
Project("{9A19103F-16F7-4668-BE54-9A1E7A4F7556}") = "AoC2023Test", "AoC2003Test\AoC2023Test.csproj", "{7447AB79-26F1-4A92-A86C-CF83124EAEF9}"
EndProject
Project("{9A19103F-16F7-4668-BE54-9A1E7A4F7556}") = "AoC2024", "AoC2024\AoC2024.csproj", "{8B920957-1D88-4363-9E23-B5E19F6C394A}"
EndProject
Project("{9A19103F-16F7-4668-BE54-9A1E7A4F7556}") = "AoC2024Test", "AoC2024Test\AoC2024Test.csproj", "{54000AC3-AE5E-4BCB-AE9A-D954CA6195D1}"
EndProject
Project("{9A19103F-16F7-4668-BE54-9A1E7A4F7556}") = "Common", "Common\Common.csproj", "{253F701D-9850-4B58-B5B6-5E0473EFF22C}"
EndProject
Project("{FAE04EC0-301F-11D3-BF4B-00C04F79EFBC}") = "AoC2022", "AoC2022\AoC2022.csproj", "{52A20C6F-0E21-4BE7-A7CD-607278E940F6}"
EndProject
Project("{FAE04EC0-301F-11D3-BF4B-00C04F79EFBC}") = "AoC2022Test", "AoCTest\AoC2022Test.csproj", "{FC3FF068-28CC-4E53-91DB-8A32C6976752}"
EndProject
Project("{2150E333-8FDC-42A3-9474-1A3956D46DE8}") = "Tests", "Tests", "{1DFDD577-B690-46CD-B887-313E88C1D91F}"
EndProject
Project("{FAE04EC0-301F-11D3-BF4B-00C04F79EFBC}") = "AoC2015", "AoC2015\AoC2015.csproj", "{79C6B045-C216-45B7-9737-7531089BE37F}"
EndProject
Project("{FAE04EC0-301F-11D3-BF4B-00C04F79EFBC}") = "AoC2015Test", "AoC2015Test\AoC2015Test.csproj", "{1376028B-FB63-41EC-BF0E-B0873E631B22}"
EndProject
Project("{FAE04EC0-301F-11D3-BF4B-00C04F79EFBC}") = "AoC2025", "AoC2025\AoC2025.csproj", "{B63D2FDA-7556-41B4-83A1-57F95A6D1536}"
EndProject
Project("{FAE04EC0-301F-11D3-BF4B-00C04F79EFBC}") = "AoC2025Test", "AoC2025Test\AoC2025Test.csproj", "{CA74F0DD-CC76-4634-8430-E5F0B8484FB3}"
EndProject
Global
	GlobalSection(SolutionConfigurationPlatforms) = preSolution
		Debug|Any CPU = Debug|Any CPU
		Release|Any CPU = Release|Any CPU
	EndGlobalSection
	GlobalSection(ProjectConfigurationPlatforms) = postSolution
		{CD7F8150-B35B-463C-B90C-13F4E43F7F25}.Debug|Any CPU.ActiveCfg = Debug|Any CPU
		{CD7F8150-B35B-463C-B90C-13F4E43F7F25}.Debug|Any CPU.Build.0 = Debug|Any CPU
		{CD7F8150-B35B-463C-B90C-13F4E43F7F25}.Release|Any CPU.ActiveCfg = Release|Any CPU
		{CD7F8150-B35B-463C-B90C-13F4E43F7F25}.Release|Any CPU.Build.0 = Release|Any CPU
		{7447AB79-26F1-4A92-A86C-CF83124EAEF9}.Debug|Any CPU.ActiveCfg = Debug|Any CPU
		{7447AB79-26F1-4A92-A86C-CF83124EAEF9}.Debug|Any CPU.Build.0 = Debug|Any CPU
		{7447AB79-26F1-4A92-A86C-CF83124EAEF9}.Release|Any CPU.ActiveCfg = Release|Any CPU
		{7447AB79-26F1-4A92-A86C-CF83124EAEF9}.Release|Any CPU.Build.0 = Release|Any CPU
		{8B920957-1D88-4363-9E23-B5E19F6C394A}.Debug|Any CPU.ActiveCfg = Debug|Any CPU
		{8B920957-1D88-4363-9E23-B5E19F6C394A}.Debug|Any CPU.Build.0 = Debug|Any CPU
		{8B920957-1D88-4363-9E23-B5E19F6C394A}.Release|Any CPU.ActiveCfg = Release|Any CPU
		{8B920957-1D88-4363-9E23-B5E19F6C394A}.Release|Any CPU.Build.0 = Release|Any CPU
		{54000AC3-AE5E-4BCB-AE9A-D954CA6195D1}.Debug|Any CPU.ActiveCfg = Debug|Any CPU
		{54000AC3-AE5E-4BCB-AE9A-D954CA6195D1}.Debug|Any CPU.Build.0 = Debug|Any CPU
		{54000AC3-AE5E-4BCB-AE9A-D954CA6195D1}.Release|Any CPU.ActiveCfg = Release|Any CPU
		{54000AC3-AE5E-4BCB-AE9A-D954CA6195D1}.Release|Any CPU.Build.0 = Release|Any CPU
		{253F701D-9850-4B58-B5B6-5E0473EFF22C}.Debug|Any CPU.ActiveCfg = Debug|Any CPU
		{253F701D-9850-4B58-B5B6-5E0473EFF22C}.Debug|Any CPU.Build.0 = Debug|Any CPU
		{253F701D-9850-4B58-B5B6-5E0473EFF22C}.Release|Any CPU.ActiveCfg = Release|Any CPU
		{253F701D-9850-4B58-B5B6-5E0473EFF22C}.Release|Any CPU.Build.0 = Release|Any CPU
		{52A20C6F-0E21-4BE7-A7CD-607278E940F6}.Debug|Any CPU.ActiveCfg = Debug|Any CPU
		{52A20C6F-0E21-4BE7-A7CD-607278E940F6}.Debug|Any CPU.Build.0 = Debug|Any CPU
		{52A20C6F-0E21-4BE7-A7CD-607278E940F6}.Release|Any CPU.ActiveCfg = Release|Any CPU
		{52A20C6F-0E21-4BE7-A7CD-607278E940F6}.Release|Any CPU.Build.0 = Release|Any CPU
		{FC3FF068-28CC-4E53-91DB-8A32C6976752}.Debug|Any CPU.ActiveCfg = Debug|Any CPU
		{FC3FF068-28CC-4E53-91DB-8A32C6976752}.Debug|Any CPU.Build.0 = Debug|Any CPU
		{FC3FF068-28CC-4E53-91DB-8A32C6976752}.Release|Any CPU.ActiveCfg = Release|Any CPU
		{FC3FF068-28CC-4E53-91DB-8A32C6976752}.Release|Any CPU.Build.0 = Release|Any CPU
		{79C6B045-C216-45B7-9737-7531089BE37F}.Debug|Any CPU.ActiveCfg = Debug|Any CPU
		{79C6B045-C216-45B7-9737-7531089BE37F}.Debug|Any CPU.Build.0 = Debug|Any CPU
		{79C6B045-C216-45B7-9737-7531089BE37F}.Release|Any CPU.ActiveCfg = Release|Any CPU
		{79C6B045-C216-45B7-9737-7531089BE37F}.Release|Any CPU.Build.0 = Release|Any CPU
		{1376028B-FB63-41EC-BF0E-B0873E631B22}.Debug|Any CPU.ActiveCfg = Debug|Any CPU
		{1376028B-FB63-41EC-BF0E-B0873E631B22}.Debug|Any CPU.Build.0 = Debug|Any CPU
		{1376028B-FB63-41EC-BF0E-B0873E631B22}.Release|Any CPU.ActiveCfg = Release|Any CPU
		{1376028B-FB63-41EC-BF0E-B0873E631B22}.Release|Any CPU.Build.0 = Release|Any CPU
		{B63D2FDA-7556-41B4-83A1-57F95A6D1536}.Debug|Any CPU.ActiveCfg = Debug|Any CPU
		{B63D2FDA-7556-41B4-83A1-57F95A6D1536}.Debug|Any CPU.Build.0 = Debug|Any CPU
		{B63D2FDA-7556-41B4-83A1-57F95A6D1536}.Release|Any CPU.ActiveCfg = Release|Any CPU
		{B63D2FDA-7556-41B4-83A1-57F95A6D1536}.Release|Any CPU.Build.0 = Release|Any CPU
		{CA74F0DD-CC76-4634-8430-E5F0B8484FB3}.Debug|Any CPU.ActiveCfg = Debug|Any CPU
		{CA74F0DD-CC76-4634-8430-E5F0B8484FB3}.Debug|Any CPU.Build.0 = Debug|Any CPU
		{CA74F0DD-CC76-4634-8430-E5F0B8484FB3}.Release|Any CPU.ActiveCfg = Release|Any CPU
		{CA74F0DD-CC76-4634-8430-E5F0B8484FB3}.Release|Any CPU.Build.0 = Release|Any CPU
	EndGlobalSection
	GlobalSection(SolutionProperties) = preSolution
		HideSolutionNode = FALSE
	EndGlobalSection
	GlobalSection(NestedProjects) = preSolution
		{7447AB79-26F1-4A92-A86C-CF83124EAEF9} = {1DFDD577-B690-46CD-B887-313E88C1D91F}
		{54000AC3-AE5E-4BCB-AE9A-D954CA6195D1} = {1DFDD577-B690-46CD-B887-313E88C1D91F}
		{FC3FF068-28CC-4E53-91DB-8A32C6976752} = {1DFDD577-B690-46CD-B887-313E88C1D91F}
		{1376028B-FB63-41EC-BF0E-B0873E631B22} = {1DFDD577-B690-46CD-B887-313E88C1D91F}
		{CA74F0DD-CC76-4634-8430-E5F0B8484FB3} = {1DFDD577-B690-46CD-B887-313E88C1D91F}
	EndGlobalSection
	GlobalSection(ExtensibilityGlobals) = postSolution
		SolutionGuid = {2818A396-BA72-4C21-9D6E-CC2780234C09}
	EndGlobalSection
EndGlobal
